
Microsoft Visual Studio Solution File, Format Version 12.00
# Visual Studio Version 16
VisualStudioVersion = 16.0.31005.135
MinimumVisualStudioVersion = 10.0.40219.1
Project("{FAE04EC0-301F-11D3-BF4B-00C04F79EFBC}") = "FrontEndHomework", "FrontEndHomework.csproj", "{DBABA0DD-951A-411E-A58C-4233AFDB72C5}"
EndProject
Project("{2150E333-8FDC-42A3-9474-1A3956D46DE8}") = "SampleProjectHomework", "SampleProjectHomework", "{18076F20-324B-4B93-9553-BF6B16603787}"
EndProject
Project("{FAE04EC0-301F-11D3-BF4B-00C04F79EFBC}") = "CoreProject", "..\AdminSiteProjectHomework\CoreProject\CoreProject.csproj", "{E499F15B-B928-4DCA-839A-588EE5AEE008}"
EndProject
Project("{FAE04EC0-301F-11D3-BF4B-00C04F79EFBC}") = "Main", "..\AdminSiteProjectHomework\Main\Main.csproj", "{C80E41F2-3F44-4051-9D51-5EA83ED61C06}"
EndProject
Global
	GlobalSection(SolutionConfigurationPlatforms) = preSolution
		Debug|Any CPU = Debug|Any CPU
		Release|Any CPU = Release|Any CPU
	EndGlobalSection
	GlobalSection(ProjectConfigurationPlatforms) = postSolution
		{DBABA0DD-951A-411E-A58C-4233AFDB72C5}.Debug|Any CPU.ActiveCfg = Debug|Any CPU
		{DBABA0DD-951A-411E-A58C-4233AFDB72C5}.Debug|Any CPU.Build.0 = Debug|Any CPU
		{DBABA0DD-951A-411E-A58C-4233AFDB72C5}.Release|Any CPU.ActiveCfg = Release|Any CPU
		{DBABA0DD-951A-411E-A58C-4233AFDB72C5}.Release|Any CPU.Build.0 = Release|Any CPU
		{E499F15B-B928-4DCA-839A-588EE5AEE008}.Debug|Any CPU.ActiveCfg = Debug|Any CPU
		{E499F15B-B928-4DCA-839A-588EE5AEE008}.Debug|Any CPU.Build.0 = Debug|Any CPU
		{E499F15B-B928-4DCA-839A-588EE5AEE008}.Release|Any CPU.ActiveCfg = Release|Any CPU
		{E499F15B-B928-4DCA-839A-588EE5AEE008}.Release|Any CPU.Build.0 = Release|Any CPU
		{C80E41F2-3F44-4051-9D51-5EA83ED61C06}.Debug|Any CPU.ActiveCfg = Debug|Any CPU
		{C80E41F2-3F44-4051-9D51-5EA83ED61C06}.Debug|Any CPU.Build.0 = Debug|Any CPU
		{C80E41F2-3F44-4051-9D51-5EA83ED61C06}.Release|Any CPU.ActiveCfg = Release|Any CPU
		{C80E41F2-3F44-4051-9D51-5EA83ED61C06}.Release|Any CPU.Build.0 = Release|Any CPU
	EndGlobalSection
	GlobalSection(SolutionProperties) = preSolution
		HideSolutionNode = FALSE
	EndGlobalSection
	GlobalSection(NestedProjects) = preSolution
		{E499F15B-B928-4DCA-839A-588EE5AEE008} = {18076F20-324B-4B93-9553-BF6B16603787}
		{C80E41F2-3F44-4051-9D51-5EA83ED61C06} = {18076F20-324B-4B93-9553-BF6B16603787}
	EndGlobalSection
	GlobalSection(ExtensibilityGlobals) = postSolution
		SolutionGuid = {99D752A1-F5F4-48EA-8055-54AAFD225705}
	EndGlobalSection
EndGlobal
